
Microsoft Visual Studio Solution File, Format Version 12.00
# Visual Studio Version 17
VisualStudioVersion = 17.1.32421.90
MinimumVisualStudioVersion = 10.0.40219.1
Project("{9A19103F-16F7-4668-BE54-9A1E7A4F7556}") = "VkDataLoader", "VkDataLoader\VkDataLoader.csproj", "{0373084D-8CA1-4484-BFBE-23802E8883C2}"
EndProject
Project("{9A19103F-16F7-4668-BE54-9A1E7A4F7556}") = "VkDataLoader.Console", "VkDataLoader.Console\VkDataLoader.Console.csproj", "{8C9EF8C9-F2D3-4037-AFEE-76576D140F5C}"
EndProject
Project("{FAE04EC0-301F-11D3-BF4B-00C04F79EFBC}") = "VkDataLoader.UWP", "VkDataLoader.UWP\VkDataLoader.UWP.csproj", "{EF5F7A97-489B-47B4-9B68-C8DFC3DD78E4}"
EndProject
Project("{9A19103F-16F7-4668-BE54-9A1E7A4F7556}") = "VkDataLoader.WPF", "VkDataLoader.WPF\VkDataLoader.WPF.csproj", "{26E4F996-F6E7-4F1F-8F9C-512B034A5013}"
EndProject
Project("{FAE04EC0-301F-11D3-BF4B-00C04F79EFBC}") = "VkDataLoader.App", "VkDataLoader.App\VkDataLoader.App.csproj", "{95D5B73A-0152-42F6-8FA6-DE1BB33A7FA0}"
EndProject
Global
	GlobalSection(SolutionConfigurationPlatforms) = preSolution
		Debug|Any CPU = Debug|Any CPU
		Debug|arm64 = Debug|arm64
		Debug|x64 = Debug|x64
		Debug|x86 = Debug|x86
		Release|Any CPU = Release|Any CPU
		Release|arm64 = Release|arm64
		Release|x64 = Release|x64
		Release|x86 = Release|x86
	EndGlobalSection
	GlobalSection(ProjectConfigurationPlatforms) = postSolution
		{0373084D-8CA1-4484-BFBE-23802E8883C2}.Debug|Any CPU.ActiveCfg = Debug|x64
		{0373084D-8CA1-4484-BFBE-23802E8883C2}.Debug|Any CPU.Build.0 = Debug|x64
		{0373084D-8CA1-4484-BFBE-23802E8883C2}.Debug|arm64.ActiveCfg = Debug|x64
		{0373084D-8CA1-4484-BFBE-23802E8883C2}.Debug|arm64.Build.0 = Debug|x64
		{0373084D-8CA1-4484-BFBE-23802E8883C2}.Debug|x64.ActiveCfg = Debug|x64
		{0373084D-8CA1-4484-BFBE-23802E8883C2}.Debug|x64.Build.0 = Debug|x64
		{0373084D-8CA1-4484-BFBE-23802E8883C2}.Debug|x86.ActiveCfg = Debug|x86
		{0373084D-8CA1-4484-BFBE-23802E8883C2}.Debug|x86.Build.0 = Debug|x86
		{0373084D-8CA1-4484-BFBE-23802E8883C2}.Release|Any CPU.ActiveCfg = Release|Any CPU
		{0373084D-8CA1-4484-BFBE-23802E8883C2}.Release|Any CPU.Build.0 = Release|Any CPU
		{0373084D-8CA1-4484-BFBE-23802E8883C2}.Release|arm64.ActiveCfg = Release|Any CPU
		{0373084D-8CA1-4484-BFBE-23802E8883C2}.Release|arm64.Build.0 = Release|Any CPU
		{0373084D-8CA1-4484-BFBE-23802E8883C2}.Release|x64.ActiveCfg = Release|Any CPU
		{0373084D-8CA1-4484-BFBE-23802E8883C2}.Release|x64.Build.0 = Release|Any CPU
		{0373084D-8CA1-4484-BFBE-23802E8883C2}.Release|x86.ActiveCfg = Release|Any CPU
		{0373084D-8CA1-4484-BFBE-23802E8883C2}.Release|x86.Build.0 = Release|Any CPU
		{8C9EF8C9-F2D3-4037-AFEE-76576D140F5C}.Debug|Any CPU.ActiveCfg = Debug|Any CPU
		{8C9EF8C9-F2D3-4037-AFEE-76576D140F5C}.Debug|Any CPU.Build.0 = Debug|Any CPU
		{8C9EF8C9-F2D3-4037-AFEE-76576D140F5C}.Debug|arm64.ActiveCfg = Debug|Any CPU
		{8C9EF8C9-F2D3-4037-AFEE-76576D140F5C}.Debug|arm64.Build.0 = Debug|Any CPU
		{8C9EF8C9-F2D3-4037-AFEE-76576D140F5C}.Debug|x64.ActiveCfg = Debug|Any CPU
		{8C9EF8C9-F2D3-4037-AFEE-76576D140F5C}.Debug|x64.Build.0 = Debug|Any CPU
		{8C9EF8C9-F2D3-4037-AFEE-76576D140F5C}.Debug|x86.ActiveCfg = Debug|Any CPU
		{8C9EF8C9-F2D3-4037-AFEE-76576D140F5C}.Debug|x86.Build.0 = Debug|Any CPU
		{8C9EF8C9-F2D3-4037-AFEE-76576D140F5C}.Release|Any CPU.ActiveCfg = Release|Any CPU
		{8C9EF8C9-F2D3-4037-AFEE-76576D140F5C}.Release|Any CPU.Build.0 = Release|Any CPU
		{8C9EF8C9-F2D3-4037-AFEE-76576D140F5C}.Release|arm64.ActiveCfg = Release|Any CPU
		{8C9EF8C9-F2D3-4037-AFEE-76576D140F5C}.Release|arm64.Build.0 = Release|Any CPU
		{8C9EF8C9-F2D3-4037-AFEE-76576D140F5C}.Release|x64.ActiveCfg = Release|Any CPU
		{8C9EF8C9-F2D3-4037-AFEE-76576D140F5C}.Release|x64.Build.0 = Release|Any CPU
		{8C9EF8C9-F2D3-4037-AFEE-76576D140F5C}.Release|x86.ActiveCfg = Release|Any CPU
		{8C9EF8C9-F2D3-4037-AFEE-76576D140F5C}.Release|x86.Build.0 = Release|Any CPU
		{EF5F7A97-489B-47B4-9B68-C8DFC3DD78E4}.Debug|Any CPU.ActiveCfg = Debug|x64
		{EF5F7A97-489B-47B4-9B68-C8DFC3DD78E4}.Debug|Any CPU.Build.0 = Debug|x64
		{EF5F7A97-489B-47B4-9B68-C8DFC3DD78E4}.Debug|Any CPU.Deploy.0 = Debug|x64
		{EF5F7A97-489B-47B4-9B68-C8DFC3DD78E4}.Debug|arm64.ActiveCfg = Debug|ARM64
		{EF5F7A97-489B-47B4-9B68-C8DFC3DD78E4}.Debug|arm64.Build.0 = Debug|ARM64
		{EF5F7A97-489B-47B4-9B68-C8DFC3DD78E4}.Debug|arm64.Deploy.0 = Debug|ARM64
		{EF5F7A97-489B-47B4-9B68-C8DFC3DD78E4}.Debug|x64.ActiveCfg = Debug|x64
		{EF5F7A97-489B-47B4-9B68-C8DFC3DD78E4}.Debug|x64.Build.0 = Debug|x64
		{EF5F7A97-489B-47B4-9B68-C8DFC3DD78E4}.Debug|x64.Deploy.0 = Debug|x64
		{EF5F7A97-489B-47B4-9B68-C8DFC3DD78E4}.Debug|x86.ActiveCfg = Debug|x86
		{EF5F7A97-489B-47B4-9B68-C8DFC3DD78E4}.Debug|x86.Build.0 = Debug|x86
		{EF5F7A97-489B-47B4-9B68-C8DFC3DD78E4}.Debug|x86.Deploy.0 = Debug|x86
		{EF5F7A97-489B-47B4-9B68-C8DFC3DD78E4}.Release|Any CPU.ActiveCfg = Release|x64
		{EF5F7A97-489B-47B4-9B68-C8DFC3DD78E4}.Release|Any CPU.Build.0 = Release|x64
		{EF5F7A97-489B-47B4-9B68-C8DFC3DD78E4}.Release|Any CPU.Deploy.0 = Release|x64
		{EF5F7A97-489B-47B4-9B68-C8DFC3DD78E4}.Release|arm64.ActiveCfg = Release|ARM64
		{EF5F7A97-489B-47B4-9B68-C8DFC3DD78E4}.Release|arm64.Build.0 = Release|ARM64
		{EF5F7A97-489B-47B4-9B68-C8DFC3DD78E4}.Release|arm64.Deploy.0 = Release|ARM64
		{EF5F7A97-489B-47B4-9B68-C8DFC3DD78E4}.Release|x64.ActiveCfg = Release|x64
		{EF5F7A97-489B-47B4-9B68-C8DFC3DD78E4}.Release|x64.Build.0 = Release|x64
		{EF5F7A97-489B-47B4-9B68-C8DFC3DD78E4}.Release|x64.Deploy.0 = Release|x64
		{EF5F7A97-489B-47B4-9B68-C8DFC3DD78E4}.Release|x86.ActiveCfg = Release|x86
		{EF5F7A97-489B-47B4-9B68-C8DFC3DD78E4}.Release|x86.Build.0 = Release|x86
		{EF5F7A97-489B-47B4-9B68-C8DFC3DD78E4}.Release|x86.Deploy.0 = Release|x86
		{26E4F996-F6E7-4F1F-8F9C-512B034A5013}.Debug|Any CPU.ActiveCfg = Debug|Any CPU
		{26E4F996-F6E7-4F1F-8F9C-512B034A5013}.Debug|Any CPU.Build.0 = Debug|Any CPU
		{26E4F996-F6E7-4F1F-8F9C-512B034A5013}.Debug|arm64.ActiveCfg = Debug|Any CPU
		{26E4F996-F6E7-4F1F-8F9C-512B034A5013}.Debug|arm64.Build.0 = Debug|Any CPU
		{26E4F996-F6E7-4F1F-8F9C-512B034A5013}.Debug|x64.ActiveCfg = Debug|Any CPU
		{26E4F996-F6E7-4F1F-8F9C-512B034A5013}.Debug|x64.Build.0 = Debug|Any CPU
		{26E4F996-F6E7-4F1F-8F9C-512B034A5013}.Debug|x86.ActiveCfg = Debug|Any CPU
		{26E4F996-F6E7-4F1F-8F9C-512B034A5013}.Debug|x86.Build.0 = Debug|Any CPU
		{26E4F996-F6E7-4F1F-8F9C-512B034A5013}.Release|Any CPU.ActiveCfg = Release|Any CPU
		{26E4F996-F6E7-4F1F-8F9C-512B034A5013}.Release|Any CPU.Build.0 = Release|Any CPU
		{26E4F996-F6E7-4F1F-8F9C-512B034A5013}.Release|arm64.ActiveCfg = Release|Any CPU
		{26E4F996-F6E7-4F1F-8F9C-512B034A5013}.Release|arm64.Build.0 = Release|Any CPU
		{26E4F996-F6E7-4F1F-8F9C-512B034A5013}.Release|x64.ActiveCfg = Release|Any CPU
		{26E4F996-F6E7-4F1F-8F9C-512B034A5013}.Release|x64.Build.0 = Release|Any CPU
		{26E4F996-F6E7-4F1F-8F9C-512B034A5013}.Release|x86.ActiveCfg = Release|Any CPU
		{26E4F996-F6E7-4F1F-8F9C-512B034A5013}.Release|x86.Build.0 = Release|Any CPU
		{95D5B73A-0152-42F6-8FA6-DE1BB33A7FA0}.Debug|Any CPU.ActiveCfg = Debug|x64
		{95D5B73A-0152-42F6-8FA6-DE1BB33A7FA0}.Debug|Any CPU.Build.0 = Debug|x64
		{95D5B73A-0152-42F6-8FA6-DE1BB33A7FA0}.Debug|Any CPU.Deploy.0 = Debug|x64
		{95D5B73A-0152-42F6-8FA6-DE1BB33A7FA0}.Debug|arm64.ActiveCfg = Debug|arm64
		{95D5B73A-0152-42F6-8FA6-DE1BB33A7FA0}.Debug|arm64.Build.0 = Debug|arm64
		{95D5B73A-0152-42F6-8FA6-DE1BB33A7FA0}.Debug|arm64.Deploy.0 = Debug|arm64
		{95D5B73A-0152-42F6-8FA6-DE1BB33A7FA0}.Debug|x64.ActiveCfg = Debug|x64
		{95D5B73A-0152-42F6-8FA6-DE1BB33A7FA0}.Debug|x64.Build.0 = Debug|x64
		{95D5B73A-0152-42F6-8FA6-DE1BB33A7FA0}.Debug|x64.Deploy.0 = Debug|x64
		{95D5B73A-0152-42F6-8FA6-DE1BB33A7FA0}.Debug|x86.ActiveCfg = Debug|x86
		{95D5B73A-0152-42F6-8FA6-DE1BB33A7FA0}.Debug|x86.Build.0 = Debug|x86
		{95D5B73A-0152-42F6-8FA6-DE1BB33A7FA0}.Debug|x86.Deploy.0 = Debug|x86
		{95D5B73A-0152-42F6-8FA6-DE1BB33A7FA0}.Release|Any CPU.ActiveCfg = Release|x64
		{95D5B73A-0152-42F6-8FA6-DE1BB33A7FA0}.Release|Any CPU.Build.0 = Release|x64
		{95D5B73A-0152-42F6-8FA6-DE1BB33A7FA0}.Release|Any CPU.Deploy.0 = Release|x64
		{95D5B73A-0152-42F6-8FA6-DE1BB33A7FA0}.Release|arm64.ActiveCfg = Release|arm64
		{95D5B73A-0152-42F6-8FA6-DE1BB33A7FA0}.Release|arm64.Build.0 = Release|arm64
		{95D5B73A-0152-42F6-8FA6-DE1BB33A7FA0}.Release|arm64.Deploy.0 = Release|arm64
		{95D5B73A-0152-42F6-8FA6-DE1BB33A7FA0}.Release|x64.ActiveCfg = Release|x64
		{95D5B73A-0152-42F6-8FA6-DE1BB33A7FA0}.Release|x64.Build.0 = Release|x64
		{95D5B73A-0152-42F6-8FA6-DE1BB33A7FA0}.Release|x64.Deploy.0 = Release|x64
		{95D5B73A-0152-42F6-8FA6-DE1BB33A7FA0}.Release|x86.ActiveCfg = Release|x86
		{95D5B73A-0152-42F6-8FA6-DE1BB33A7FA0}.Release|x86.Build.0 = Release|x86
		{95D5B73A-0152-42F6-8FA6-DE1BB33A7FA0}.Release|x86.Deploy.0 = Release|x86
	EndGlobalSection
	GlobalSection(SolutionProperties) = preSolution
		HideSolutionNode = FALSE
	EndGlobalSection
	GlobalSection(ExtensibilityGlobals) = postSolution
		SolutionGuid = {86A6D26F-7317-4243-B2EE-48C2893AC008}
	EndGlobalSection
EndGlobal
